Microsoft Visual Studio Solution File, Format Version 12.00
Project("{9A19103F-16F7-4668-BE54-9A1E7A4F7556}") = "lab5_example", "examples\lab5_example\lab5_example.csproj", "{84FC0594-D900-457D-8748-45D9811E6878}"
EndProject
Project("{9A19103F-16F7-4668-BE54-9A1E7A4F7556}") = "pipeline", "examples\builder\pipeline.csproj", "{BEEB3AC9-78FC-4535-A690-5CBDDC27FA4A}"
EndProject
Project("{9A19103F-16F7-4668-BE54-9A1E7A4F7556}") = "code", "examples\dependencies_simplified\code\code.csproj", "{63446921-B95C-475C-B168-F679EBD3A519}"
EndProject
Project("{9A19103F-16F7-4668-BE54-9A1E7A4F7556}") = "tests", "examples\dependencies_simplified\tests\tests.csproj", "{5ECFC698-7624-4200-93E4-9210577285A0}"
EndProject
Project("{9A19103F-16F7-4668-BE54-9A1E7A4F7556}") = "code", "examples\dependencies\code\code.csproj", "{F980662E-C6E1-444D-BE87-C8929A5BF379}"
EndProject
Project("{9A19103F-16F7-4668-BE54-9A1E7A4F7556}") = "tests", "examples\dependencies\tests\tests.csproj", "{9D8DF72D-0205-4C21-AB9C-2B13D88F987C}"
EndProject
Project("{9A19103F-16F7-4668-BE54-9A1E7A4F7556}") = "field_masks", "examples\field_masks\field_masks.csproj", "{5463EAE1-5E26-4B0B-BB44-8C7293E6A34F}"
EndProject
Project("{9A19103F-16F7-4668-BE54-9A1E7A4F7556}") = "pipeline_library", "examples\pipeline_library\pipeline_library.csproj", "{43DA5E68-F74F-4AD8-B648-55F97A5B35C7}"
EndProject
Project("{9A19103F-16F7-4668-BE54-9A1E7A4F7556}") = "pipeline", "examples\pipeline\pipeline.csproj", "{3F1C776D-0A51-41CC-979E-B0EF6A991D2B}"
EndProject
Project("{9A19103F-16F7-4668-BE54-9A1E7A4F7556}") = "property_dict", "examples\property_dict\property_dict.csproj", "{710F0F99-61E1-4C86-B6D5-7015500EB1B1}"
EndProject
Project("{9A19103F-16F7-4668-BE54-9A1E7A4F7556}") = "code", "examples\tests_example\code\code.csproj", "{FEEAB93B-03A9-438E-9F36-641F60B77E48}"
EndProject
Project("{9A19103F-16F7-4668-BE54-9A1E7A4F7556}") = "tests", "examples\tests_example\tests\tests.csproj", "{A9636C21-ADC2-4EBB-A8AF-689AB950CD1D}"
EndProject
Global
	GlobalSection(SolutionConfigurationPlatforms) = preSolution
		Debug|Any CPU = Debug|Any CPU
		Release|Any CPU = Release|Any CPU
	EndGlobalSection
	GlobalSection(ProjectConfigurationPlatforms) = postSolution
		{84FC0594-D900-457D-8748-45D9811E6878}.Debug|Any CPU.ActiveCfg = Debug|Any CPU
		{84FC0594-D900-457D-8748-45D9811E6878}.Debug|Any CPU.Build.0 = Debug|Any CPU
		{84FC0594-D900-457D-8748-45D9811E6878}.Release|Any CPU.ActiveCfg = Release|Any CPU
		{84FC0594-D900-457D-8748-45D9811E6878}.Release|Any CPU.Build.0 = Release|Any CPU
		{BEEB3AC9-78FC-4535-A690-5CBDDC27FA4A}.Debug|Any CPU.ActiveCfg = Debug|Any CPU
		{BEEB3AC9-78FC-4535-A690-5CBDDC27FA4A}.Debug|Any CPU.Build.0 = Debug|Any CPU
		{BEEB3AC9-78FC-4535-A690-5CBDDC27FA4A}.Release|Any CPU.ActiveCfg = Release|Any CPU
		{BEEB3AC9-78FC-4535-A690-5CBDDC27FA4A}.Release|Any CPU.Build.0 = Release|Any CPU
		{63446921-B95C-475C-B168-F679EBD3A519}.Debug|Any CPU.ActiveCfg = Debug|Any CPU
		{63446921-B95C-475C-B168-F679EBD3A519}.Debug|Any CPU.Build.0 = Debug|Any CPU
		{63446921-B95C-475C-B168-F679EBD3A519}.Release|Any CPU.ActiveCfg = Release|Any CPU
		{63446921-B95C-475C-B168-F679EBD3A519}.Release|Any CPU.Build.0 = Release|Any CPU
		{5ECFC698-7624-4200-93E4-9210577285A0}.Debug|Any CPU.ActiveCfg = Debug|Any CPU
		{5ECFC698-7624-4200-93E4-9210577285A0}.Debug|Any CPU.Build.0 = Debug|Any CPU
		{5ECFC698-7624-4200-93E4-9210577285A0}.Release|Any CPU.ActiveCfg = Release|Any CPU
		{5ECFC698-7624-4200-93E4-9210577285A0}.Release|Any CPU.Build.0 = Release|Any CPU
		{F980662E-C6E1-444D-BE87-C8929A5BF379}.Debug|Any CPU.ActiveCfg = Debug|Any CPU
		{F980662E-C6E1-444D-BE87-C8929A5BF379}.Debug|Any CPU.Build.0 = Debug|Any CPU
		{F980662E-C6E1-444D-BE87-C8929A5BF379}.Release|Any CPU.ActiveCfg = Release|Any CPU
		{F980662E-C6E1-444D-BE87-C8929A5BF379}.Release|Any CPU.Build.0 = Release|Any CPU
		{9D8DF72D-0205-4C21-AB9C-2B13D88F987C}.Debug|Any CPU.ActiveCfg = Debug|Any CPU
		{9D8DF72D-0205-4C21-AB9C-2B13D88F987C}.Debug|Any CPU.Build.0 = Debug|Any CPU
		{9D8DF72D-0205-4C21-AB9C-2B13D88F987C}.Release|Any CPU.ActiveCfg = Release|Any CPU
		{9D8DF72D-0205-4C21-AB9C-2B13D88F987C}.Release|Any CPU.Build.0 = Release|Any CPU
		{5463EAE1-5E26-4B0B-BB44-8C7293E6A34F}.Debug|Any CPU.ActiveCfg = Debug|Any CPU
		{5463EAE1-5E26-4B0B-BB44-8C7293E6A34F}.Debug|Any CPU.Build.0 = Debug|Any CPU
		{5463EAE1-5E26-4B0B-BB44-8C7293E6A34F}.Release|Any CPU.ActiveCfg = Release|Any CPU
		{5463EAE1-5E26-4B0B-BB44-8C7293E6A34F}.Release|Any CPU.Build.0 = Release|Any CPU
		{43DA5E68-F74F-4AD8-B648-55F97A5B35C7}.Debug|Any CPU.ActiveCfg = Debug|Any CPU
		{43DA5E68-F74F-4AD8-B648-55F97A5B35C7}.Debug|Any CPU.Build.0 = Debug|Any CPU
		{43DA5E68-F74F-4AD8-B648-55F97A5B35C7}.Release|Any CPU.ActiveCfg = Release|Any CPU
		{43DA5E68-F74F-4AD8-B648-55F97A5B35C7}.Release|Any CPU.Build.0 = Release|Any CPU
		{3F1C776D-0A51-41CC-979E-B0EF6A991D2B}.Debug|Any CPU.ActiveCfg = Debug|Any CPU
		{3F1C776D-0A51-41CC-979E-B0EF6A991D2B}.Debug|Any CPU.Build.0 = Debug|Any CPU
		{3F1C776D-0A51-41CC-979E-B0EF6A991D2B}.Release|Any CPU.ActiveCfg = Release|Any CPU
		{3F1C776D-0A51-41CC-979E-B0EF6A991D2B}.Release|Any CPU.Build.0 = Release|Any CPU
		{710F0F99-61E1-4C86-B6D5-7015500EB1B1}.Debug|Any CPU.ActiveCfg = Debug|Any CPU
		{710F0F99-61E1-4C86-B6D5-7015500EB1B1}.Debug|Any CPU.Build.0 = Debug|Any CPU
		{710F0F99-61E1-4C86-B6D5-7015500EB1B1}.Release|Any CPU.ActiveCfg = Release|Any CPU
		{710F0F99-61E1-4C86-B6D5-7015500EB1B1}.Release|Any CPU.Build.0 = Release|Any CPU
		{FEEAB93B-03A9-438E-9F36-641F60B77E48}.Debug|Any CPU.ActiveCfg = Debug|Any CPU
		{FEEAB93B-03A9-438E-9F36-641F60B77E48}.Debug|Any CPU.Build.0 = Debug|Any CPU
		{FEEAB93B-03A9-438E-9F36-641F60B77E48}.Release|Any CPU.ActiveCfg = Release|Any CPU
		{FEEAB93B-03A9-438E-9F36-641F60B77E48}.Release|Any CPU.Build.0 = Release|Any CPU
		{A9636C21-ADC2-4EBB-A8AF-689AB950CD1D}.Debug|Any CPU.ActiveCfg = Debug|Any CPU
		{A9636C21-ADC2-4EBB-A8AF-689AB950CD1D}.Debug|Any CPU.Build.0 = Debug|Any CPU
		{A9636C21-ADC2-4EBB-A8AF-689AB950CD1D}.Release|Any CPU.ActiveCfg = Release|Any CPU
		{A9636C21-ADC2-4EBB-A8AF-689AB950CD1D}.Release|Any CPU.Build.0 = Release|Any CPU
	EndGlobalSection
	GlobalSection(SolutionProperties) = preSolution
		HideSolutionNode = FALSE
	EndGlobalSection
	GlobalSection(ExtensibilityGlobals) = postSolution
		SolutionGuid = {47497782-2BB4-4EE7-9482-3686AACC5AB9}
	EndGlobalSection
EndGlobal
